<?xml version="1.0" encoding="UTF-8" standalone="yes" ?>
<CodeBlocks_project_file>
	<FileVersion major="1" minor="6" />
	<Project>
		<Option title="core" />
		<Option pch_mode="2" />
		<Option compiler="null" />
		<Build>
			<Target title="Debug">
				<Option output="bin/Debug/core.jar" prefix_auto="0" extension_auto="0" />
				<Option object_output="obj/Debug/" />
				<Option type="1" />
				<Option compiler="null" />
			</Target>
			<Target title="Release">
				<Option output="bin/Release/core.jar" prefix_auto="0" extension_auto="0" />
				<Option object_output="obj/Release/" />
				<Option type="1" />
				<Option compiler="null" />
			</Target>
		</Build>
		<Unit filename="src/com/ariasaproject/advancerofrpg/Application.java" />
		<Unit filename="src/com/ariasaproject/advancerofrpg/ApplicationListener.java" />
		<Unit filename="src/com/ariasaproject/advancerofrpg/GraphFunc.java" />
		<Unit filename="src/com/ariasaproject/advancerofrpg/LifecycleListener.java" />
		<Unit filename="src/com/ariasaproject/advancerofrpg/OSInitializer.java" />
		<Unit filename="src/com/ariasaproject/advancerofrpg/assets/AssetContainer.java" />
		<Unit filename="src/com/ariasaproject/advancerofrpg/assets/AssetDescriptor.java" />
		<Unit filename="src/com/ariasaproject/advancerofrpg/assets/AssetLoaderParameters.java" />
		<Unit filename="src/com/ariasaproject/advancerofrpg/assets/AssetLoadingTask.java" />
		<Unit filename="src/com/ariasaproject/advancerofrpg/assets/loaders/AssetLoader.java" />
		<Unit filename="src/com/ariasaproject/advancerofrpg/assets/loaders/AsynchronousAssetLoader.java" />
		<Unit filename="src/com/ariasaproject/advancerofrpg/assets/loaders/BitmapFontLoader.java" />
		<Unit filename="src/com/ariasaproject/advancerofrpg/assets/loaders/CubemapLoader.java" />
		<Unit filename="src/com/ariasaproject/advancerofrpg/assets/loaders/FileHandleResolver.java" />
		<Unit filename="src/com/ariasaproject/advancerofrpg/assets/loaders/I18NBundleLoader.java" />
		<Unit filename="src/com/ariasaproject/advancerofrpg/assets/loaders/ModelLoader.java" />
		<Unit filename="src/com/ariasaproject/advancerofrpg/assets/loaders/MusicLoader.java" />
		<Unit filename="src/com/ariasaproject/advancerofrpg/assets/loaders/ParticleEffectLoader.java" />
		<Unit filename="src/com/ariasaproject/advancerofrpg/assets/loaders/PixmapLoader.java" />
		<Unit filename="src/com/ariasaproject/advancerofrpg/assets/loaders/ShaderProgramLoader.java" />
		<Unit filename="src/com/ariasaproject/advancerofrpg/assets/loaders/SkinLoader.java" />
		<Unit filename="src/com/ariasaproject/advancerofrpg/assets/loaders/SoundLoader.java" />
		<Unit filename="src/com/ariasaproject/advancerofrpg/assets/loaders/SynchronousAssetLoader.java" />
		<Unit filename="src/com/ariasaproject/advancerofrpg/assets/loaders/TextureAtlasLoader.java" />
		<Unit filename="src/com/ariasaproject/advancerofrpg/assets/loaders/TextureLoader.java" />
		<Unit filename="src/com/ariasaproject/advancerofrpg/assets/loaders/resolvers/AbsoluteFileHandleResolver.java" />
		<Unit filename="src/com/ariasaproject/advancerofrpg/assets/loaders/resolvers/ExternalFileHandleResolver.java" />
		<Unit filename="src/com/ariasaproject/advancerofrpg/assets/loaders/resolvers/InternalFileHandleResolver.java" />
		<Unit filename="src/com/ariasaproject/advancerofrpg/assets/loaders/resolvers/LocalFileHandleResolver.java" />
		<Unit filename="src/com/ariasaproject/advancerofrpg/audio/Audio.java" />
		<Unit filename="src/com/ariasaproject/advancerofrpg/audio/AudioDevice.java" />
		<Unit filename="src/com/ariasaproject/advancerofrpg/audio/AudioRecorder.java" />
		<Unit filename="src/com/ariasaproject/advancerofrpg/audio/Music.java" />
		<Unit filename="src/com/ariasaproject/advancerofrpg/audio/Sound.java" />
		<Unit filename="src/com/ariasaproject/advancerofrpg/files/FileHandle.java" />
		<Unit filename="src/com/ariasaproject/advancerofrpg/files/FileHandleStream.java" />
		<Unit filename="src/com/ariasaproject/advancerofrpg/files/Files.java" />
		<Unit filename="src/com/ariasaproject/advancerofrpg/graphics/Camera.java" />
		<Unit filename="src/com/ariasaproject/advancerofrpg/graphics/Color.java" />
		<Unit filename="src/com/ariasaproject/advancerofrpg/graphics/Colors.java" />
		<Unit filename="src/com/ariasaproject/advancerofrpg/graphics/Cubemap.java" />
		<Unit filename="src/com/ariasaproject/advancerofrpg/graphics/CubemapData.java" />
		<Unit filename="src/com/ariasaproject/advancerofrpg/graphics/GLTexture.java" />
		<Unit filename="src/com/ariasaproject/advancerofrpg/graphics/Graphics.java" />
		<Unit filename="src/com/ariasaproject/advancerofrpg/graphics/Mesh.java" />
		<Unit filename="src/com/ariasaproject/advancerofrpg/graphics/OrthographicCamera.java" />
		<Unit filename="src/com/ariasaproject/advancerofrpg/graphics/PerspectiveCamera.java" />
		<Unit filename="src/com/ariasaproject/advancerofrpg/graphics/Pixmap.java" />
		<Unit filename="src/com/ariasaproject/advancerofrpg/graphics/TGF.java" />
		<Unit filename="src/com/ariasaproject/advancerofrpg/graphics/Texture.java" />
		<Unit filename="src/com/ariasaproject/advancerofrpg/graphics/TextureArray.java" />
		<Unit filename="src/com/ariasaproject/advancerofrpg/graphics/TextureArrayData.java" />
		<Unit filename="src/com/ariasaproject/advancerofrpg/graphics/VertexAttribute.java" />
		<Unit filename="src/com/ariasaproject/advancerofrpg/graphics/VertexAttributes.java" />
		<Unit filename="src/com/ariasaproject/advancerofrpg/graphics/g2d/Batch.java" />
		<Unit filename="src/com/ariasaproject/advancerofrpg/graphics/g2d/BitmapFont.java" />
		<Unit filename="src/com/ariasaproject/advancerofrpg/graphics/g2d/BitmapFontCache.java" />
		<Unit filename="src/com/ariasaproject/advancerofrpg/graphics/g2d/GlyphLayout.java" />
		<Unit filename="src/com/ariasaproject/advancerofrpg/graphics/g2d/NinePatch.java" />
		<Unit filename="src/com/ariasaproject/advancerofrpg/graphics/g2d/ParticleEffect.java" />
		<Unit filename="src/com/ariasaproject/advancerofrpg/graphics/g2d/ParticleEffectPool.java" />
		<Unit filename="src/com/ariasaproject/advancerofrpg/graphics/g2d/ParticleEmitter.java" />
		<Unit filename="src/com/ariasaproject/advancerofrpg/graphics/g2d/Sprite.java" />
		<Unit filename="src/com/ariasaproject/advancerofrpg/graphics/g2d/SpriteCache.java" />
		<Unit filename="src/com/ariasaproject/advancerofrpg/graphics/g2d/TextureAtlas.java" />
		<Unit filename="src/com/ariasaproject/advancerofrpg/graphics/g2d/TextureRegion.java" />
		<Unit filename="src/com/ariasaproject/advancerofrpg/graphics/g3d/Attribute.java" />
		<Unit filename="src/com/ariasaproject/advancerofrpg/graphics/g3d/Attributes.java" />
		<Unit filename="src/com/ariasaproject/advancerofrpg/graphics/g3d/Material.java" />
		<Unit filename="src/com/ariasaproject/advancerofrpg/graphics/g3d/Model.java" />
		<Unit filename="src/com/ariasaproject/advancerofrpg/graphics/g3d/ModelBatch.java" />
		<Unit filename="src/com/ariasaproject/advancerofrpg/graphics/g3d/ModelInstance.java" />
		<Unit filename="src/com/ariasaproject/advancerofrpg/graphics/g3d/Renderable.java" />
		<Unit filename="src/com/ariasaproject/advancerofrpg/graphics/g3d/RenderableProvider.java" />
		<Unit filename="src/com/ariasaproject/advancerofrpg/graphics/g3d/attributes/BlendingAttribute.java" />
		<Unit filename="src/com/ariasaproject/advancerofrpg/graphics/g3d/attributes/ColorAttribute.java" />
		<Unit filename="src/com/ariasaproject/advancerofrpg/graphics/g3d/attributes/CubemapAttribute.java" />
		<Unit filename="src/com/ariasaproject/advancerofrpg/graphics/g3d/attributes/FloatAttribute.java" />
		<Unit filename="src/com/ariasaproject/advancerofrpg/graphics/g3d/attributes/TextureAttribute.java" />
		<Unit filename="src/com/ariasaproject/advancerofrpg/graphics/g3d/decals/CameraGroupStrategy.java" />
		<Unit filename="src/com/ariasaproject/advancerofrpg/graphics/g3d/decals/Decal.java" />
		<Unit filename="src/com/ariasaproject/advancerofrpg/graphics/g3d/decals/DecalBatch.java" />
		<Unit filename="src/com/ariasaproject/advancerofrpg/graphics/g3d/decals/DecalMaterial.java" />
		<Unit filename="src/com/ariasaproject/advancerofrpg/graphics/g3d/decals/GroupPlug.java" />
		<Unit filename="src/com/ariasaproject/advancerofrpg/graphics/g3d/decals/GroupStrategy.java" />
		<Unit filename="src/com/ariasaproject/advancerofrpg/graphics/g3d/decals/PluggableGroupStrategy.java" />
		<Unit filename="src/com/ariasaproject/advancerofrpg/graphics/g3d/decals/SimpleOrthoGroupStrategy.java" />
		<Unit filename="src/com/ariasaproject/advancerofrpg/graphics/g3d/environment/AmbientCubemap.java" />
		<Unit filename="src/com/ariasaproject/advancerofrpg/graphics/g3d/environment/DirectionalLights.java" />
		<Unit filename="src/com/ariasaproject/advancerofrpg/graphics/g3d/environment/PointLights.java" />
		<Unit filename="src/com/ariasaproject/advancerofrpg/graphics/g3d/environment/SphericalHarmonics.java" />
		<Unit filename="src/com/ariasaproject/advancerofrpg/graphics/g3d/environment/SpotLights.java" />
		<Unit filename="src/com/ariasaproject/advancerofrpg/graphics/g3d/loader/ColladaModelLoader.java" />
		<Unit filename="src/com/ariasaproject/advancerofrpg/graphics/g3d/loader/G3dModelLoader.java" />
		<Unit filename="src/com/ariasaproject/advancerofrpg/graphics/g3d/loader/ObjLoader.java" />
		<Unit filename="src/com/ariasaproject/advancerofrpg/graphics/g3d/model/Animation.java" />
		<Unit filename="src/com/ariasaproject/advancerofrpg/graphics/g3d/model/MeshPart.java" />
		<Unit filename="src/com/ariasaproject/advancerofrpg/graphics/g3d/model/Node.java" />
		<Unit filename="src/com/ariasaproject/advancerofrpg/graphics/g3d/model/NodeAnimation.java" />
		<Unit filename="src/com/ariasaproject/advancerofrpg/graphics/g3d/model/NodeKeyframe.java" />
		<Unit filename="src/com/ariasaproject/advancerofrpg/graphics/g3d/model/NodePart.java" />
		<Unit filename="src/com/ariasaproject/advancerofrpg/graphics/g3d/model/data/ModelAnimation.java" />
		<Unit filename="src/com/ariasaproject/advancerofrpg/graphics/g3d/model/data/ModelData.java" />
		<Unit filename="src/com/ariasaproject/advancerofrpg/graphics/g3d/model/data/ModelMaterial.java" />
		<Unit filename="src/com/ariasaproject/advancerofrpg/graphics/g3d/model/data/ModelMesh.java" />
		<Unit filename="src/com/ariasaproject/advancerofrpg/graphics/g3d/model/data/ModelMeshPart.java" />
		<Unit filename="src/com/ariasaproject/advancerofrpg/graphics/g3d/model/data/ModelNode.java" />
		<Unit filename="src/com/ariasaproject/advancerofrpg/graphics/g3d/model/data/ModelNodeAnimation.java" />
		<Unit filename="src/com/ariasaproject/advancerofrpg/graphics/g3d/model/data/ModelNodeKeyframe.java" />
		<Unit filename="src/com/ariasaproject/advancerofrpg/graphics/g3d/model/data/ModelNodePart.java" />
		<Unit filename="src/com/ariasaproject/advancerofrpg/graphics/g3d/model/data/ModelTexture.java" />
		<Unit filename="src/com/ariasaproject/advancerofrpg/graphics/g3d/particles/ParallelArray.java" />
		<Unit filename="src/com/ariasaproject/advancerofrpg/graphics/g3d/particles/ParticleChannels.java" />
		<Unit filename="src/com/ariasaproject/advancerofrpg/graphics/g3d/particles/ParticleController.java" />
		<Unit filename="src/com/ariasaproject/advancerofrpg/graphics/g3d/particles/ParticleControllerComponent.java" />
		<Unit filename="src/com/ariasaproject/advancerofrpg/graphics/g3d/particles/ParticleEffect.java" />
		<Unit filename="src/com/ariasaproject/advancerofrpg/graphics/g3d/particles/ParticleEffectLoader.java" />
		<Unit filename="src/com/ariasaproject/advancerofrpg/graphics/g3d/particles/ParticleSorter.java" />
		<Unit filename="src/com/ariasaproject/advancerofrpg/graphics/g3d/particles/ParticleSystem.java" />
		<Unit filename="src/com/ariasaproject/advancerofrpg/graphics/g3d/particles/ResourceData.java" />
		<Unit filename="src/com/ariasaproject/advancerofrpg/graphics/g3d/particles/batches/BufferedParticleBatch.java" />
		<Unit filename="src/com/ariasaproject/advancerofrpg/graphics/g3d/particles/batches/ModelInstanceParticleBatch.java" />
		<Unit filename="src/com/ariasaproject/advancerofrpg/graphics/g3d/particles/batches/ParticleBatch.java" />
		<Unit filename="src/com/ariasaproject/advancerofrpg/graphics/g3d/particles/emitters/Emitter.java" />
		<Unit filename="src/com/ariasaproject/advancerofrpg/graphics/g3d/particles/emitters/RegularEmitter.java" />
		<Unit filename="src/com/ariasaproject/advancerofrpg/graphics/g3d/particles/influencers/ColorInfluencer.java" />
		<Unit filename="src/com/ariasaproject/advancerofrpg/graphics/g3d/particles/influencers/DynamicsInfluencer.java" />
		<Unit filename="src/com/ariasaproject/advancerofrpg/graphics/g3d/particles/influencers/DynamicsModifier.java" />
		<Unit filename="src/com/ariasaproject/advancerofrpg/graphics/g3d/particles/influencers/Influencer.java" />
		<Unit filename="src/com/ariasaproject/advancerofrpg/graphics/g3d/particles/influencers/ModelInfluencer.java" />
		<Unit filename="src/com/ariasaproject/advancerofrpg/graphics/g3d/particles/influencers/ParticleControllerFinalizerInfluencer.java" />
		<Unit filename="src/com/ariasaproject/advancerofrpg/graphics/g3d/particles/influencers/ParticleControllerInfluencer.java" />
		<Unit filename="src/com/ariasaproject/advancerofrpg/graphics/g3d/particles/influencers/RegionInfluencer.java" />
		<Unit filename="src/com/ariasaproject/advancerofrpg/graphics/g3d/particles/influencers/ScaleInfluencer.java" />
		<Unit filename="src/com/ariasaproject/advancerofrpg/graphics/g3d/particles/influencers/SimpleInfluencer.java" />
		<Unit filename="src/com/ariasaproject/advancerofrpg/graphics/g3d/particles/influencers/SpawnInfluencer.java" />
		<Unit filename="src/com/ariasaproject/advancerofrpg/graphics/g3d/particles/renderers/BillboardControllerRenderData.java" />
		<Unit filename="src/com/ariasaproject/advancerofrpg/graphics/g3d/particles/renderers/ModelInstanceControllerRenderData.java" />
		<Unit filename="src/com/ariasaproject/advancerofrpg/graphics/g3d/particles/renderers/ModelInstanceRenderer.java" />
		<Unit filename="src/com/ariasaproject/advancerofrpg/graphics/g3d/particles/renderers/ParticleControllerControllerRenderer.java" />
		<Unit filename="src/com/ariasaproject/advancerofrpg/graphics/g3d/particles/renderers/ParticleControllerRenderData.java" />
		<Unit filename="src/com/ariasaproject/advancerofrpg/graphics/g3d/particles/renderers/ParticleControllerRenderer.java" />
		<Unit filename="src/com/ariasaproject/advancerofrpg/graphics/g3d/particles/renderers/PointSpriteControllerRenderData.java" />
		<Unit filename="src/com/ariasaproject/advancerofrpg/graphics/g3d/particles/values/CylinderSpawnShapeValue.java" />
		<Unit filename="src/com/ariasaproject/advancerofrpg/graphics/g3d/particles/values/EllipseSpawnShapeValue.java" />
		<Unit filename="src/com/ariasaproject/advancerofrpg/graphics/g3d/particles/values/GradientColorValue.java" />
		<Unit filename="src/com/ariasaproject/advancerofrpg/graphics/g3d/particles/values/LineSpawnShapeValue.java" />
		<Unit filename="src/com/ariasaproject/advancerofrpg/graphics/g3d/particles/values/MeshSpawnShapeValue.java" />
		<Unit filename="src/com/ariasaproject/advancerofrpg/graphics/g3d/particles/values/NumericValue.java" />
		<Unit filename="src/com/ariasaproject/advancerofrpg/graphics/g3d/particles/values/ParticleValue.java" />
		<Unit filename="src/com/ariasaproject/advancerofrpg/graphics/g3d/particles/values/PointSpawnShapeValue.java" />
		<Unit filename="src/com/ariasaproject/advancerofrpg/graphics/g3d/particles/values/PrimitiveSpawnShapeValue.java" />
		<Unit filename="src/com/ariasaproject/advancerofrpg/graphics/g3d/particles/values/RangedNumericValue.java" />
		<Unit filename="src/com/ariasaproject/advancerofrpg/graphics/g3d/particles/values/RectangleSpawnShapeValue.java" />
		<Unit filename="src/com/ariasaproject/advancerofrpg/graphics/g3d/particles/values/ScaledNumericValue.java" />
		<Unit filename="src/com/ariasaproject/advancerofrpg/graphics/g3d/particles/values/SpawnShapeValue.java" />
		<Unit filename="src/com/ariasaproject/advancerofrpg/graphics/g3d/particles/values/UnweightedMeshSpawnShapeValue.java" />
		<Unit filename="src/com/ariasaproject/advancerofrpg/graphics/g3d/particles/values/WeightMeshSpawnShapeValue.java" />
		<Unit filename="src/com/ariasaproject/advancerofrpg/graphics/g3d/shaders/DepthShader.java" />
		<Unit filename="src/com/ariasaproject/advancerofrpg/graphics/g3d/shaders/ModelShader.java" />
		<Unit filename="src/com/ariasaproject/advancerofrpg/graphics/g3d/utils/AnimationController.java" />
		<Unit filename="src/com/ariasaproject/advancerofrpg/graphics/g3d/utils/CameraInputController.java" />
		<Unit filename="src/com/ariasaproject/advancerofrpg/graphics/g3d/utils/FirstPersonCameraController.java" />
		<Unit filename="src/com/ariasaproject/advancerofrpg/graphics/g3d/utils/MeshBuilder.java" />
		<Unit filename="src/com/ariasaproject/advancerofrpg/graphics/g3d/utils/MeshPartBuilder.java" />
		<Unit filename="src/com/ariasaproject/advancerofrpg/graphics/g3d/utils/ModelBuilder.java" />
		<Unit filename="src/com/ariasaproject/advancerofrpg/graphics/g3d/utils/TextureBinder.java" />
		<Unit filename="src/com/ariasaproject/advancerofrpg/graphics/g3d/utils/TextureDescriptor.java" />
		<Unit filename="src/com/ariasaproject/advancerofrpg/graphics/g3d/utils/TextureProvider.java" />
		<Unit filename="src/com/ariasaproject/advancerofrpg/graphics/g3d/utils/shapebuilders/ArrowShapeBuilder.java" />
		<Unit filename="src/com/ariasaproject/advancerofrpg/graphics/g3d/utils/shapebuilders/BaseShapeBuilder.java" />
		<Unit filename="src/com/ariasaproject/advancerofrpg/graphics/g3d/utils/shapebuilders/BoxShapeBuilder.java" />
		<Unit filename="src/com/ariasaproject/advancerofrpg/graphics/g3d/utils/shapebuilders/CapsuleShapeBuilder.java" />
		<Unit filename="src/com/ariasaproject/advancerofrpg/graphics/g3d/utils/shapebuilders/ConeShapeBuilder.java" />
		<Unit filename="src/com/ariasaproject/advancerofrpg/graphics/g3d/utils/shapebuilders/CylinderShapeBuilder.java" />
		<Unit filename="src/com/ariasaproject/advancerofrpg/graphics/g3d/utils/shapebuilders/EllipseShapeBuilder.java" />
		<Unit filename="src/com/ariasaproject/advancerofrpg/graphics/g3d/utils/shapebuilders/FrustumShapeBuilder.java" />
		<Unit filename="src/com/ariasaproject/advancerofrpg/graphics/g3d/utils/shapebuilders/PatchShapeBuilder.java" />
		<Unit filename="src/com/ariasaproject/advancerofrpg/graphics/g3d/utils/shapebuilders/RenderableShapeBuilder.java" />
		<Unit filename="src/com/ariasaproject/advancerofrpg/graphics/g3d/utils/shapebuilders/SphereShapeBuilder.java" />
		<Unit filename="src/com/ariasaproject/advancerofrpg/graphics/g3d/utils/shapebuilders/TerrainShapeBuilder.java" />
		<Unit filename="src/com/ariasaproject/advancerofrpg/graphics/glutils/FacedCubemapData.java" />
		<Unit filename="src/com/ariasaproject/advancerofrpg/graphics/glutils/FileTextureArrayData.java" />
		<Unit filename="src/com/ariasaproject/advancerofrpg/graphics/glutils/FileTextureData.java" />
		<Unit filename="src/com/ariasaproject/advancerofrpg/graphics/glutils/FloatFrameBuffer.java" />
		<Unit filename="src/com/ariasaproject/advancerofrpg/graphics/glutils/FloatTextureData.java" />
		<Unit filename="src/com/ariasaproject/advancerofrpg/graphics/glutils/FrameBuffer.java" />
		<Unit filename="src/com/ariasaproject/advancerofrpg/graphics/glutils/FrameBufferCubemap.java" />
		<Unit filename="src/com/ariasaproject/advancerofrpg/graphics/glutils/GLFrameBuffer.java" />
		<Unit filename="src/com/ariasaproject/advancerofrpg/graphics/glutils/GLOnlyTextureData.java" />
		<Unit filename="src/com/ariasaproject/advancerofrpg/graphics/glutils/MipMapTextureData.java" />
		<Unit filename="src/com/ariasaproject/advancerofrpg/graphics/glutils/PixmapTextureData.java" />
		<Unit filename="src/com/ariasaproject/advancerofrpg/graphics/glutils/ShaderProgram.java" />
		<Unit filename="src/com/ariasaproject/advancerofrpg/graphics/glutils/ShapeRenderer.java" />
		<Unit filename="src/com/ariasaproject/advancerofrpg/graphics/glutils/TextureData.java" />
		<Unit filename="src/com/ariasaproject/advancerofrpg/input/Clipboard.java" />
		<Unit filename="src/com/ariasaproject/advancerofrpg/input/GestureDetector.java" />
		<Unit filename="src/com/ariasaproject/advancerofrpg/input/Input.java" />
		<Unit filename="src/com/ariasaproject/advancerofrpg/input/InputAdapter.java" />
		<Unit filename="src/com/ariasaproject/advancerofrpg/input/InputEventQueue.java" />
		<Unit filename="src/com/ariasaproject/advancerofrpg/input/InputMultiplexer.java" />
		<Unit filename="src/com/ariasaproject/advancerofrpg/input/InputProcessor.java" />
		<Unit filename="src/com/ariasaproject/advancerofrpg/math/Affine2.java" />
		<Unit filename="src/com/ariasaproject/advancerofrpg/math/BSpline.java" />
		<Unit filename="src/com/ariasaproject/advancerofrpg/math/Bezier.java" />
		<Unit filename="src/com/ariasaproject/advancerofrpg/math/Bresenham2.java" />
		<Unit filename="src/com/ariasaproject/advancerofrpg/math/CatmullRomSpline.java" />
		<Unit filename="src/com/ariasaproject/advancerofrpg/math/Circle.java" />
		<Unit filename="src/com/ariasaproject/advancerofrpg/math/ConvexHull.java" />
		<Unit filename="src/com/ariasaproject/advancerofrpg/math/CumulativeDistribution.java" />
		<Unit filename="src/com/ariasaproject/advancerofrpg/math/DelaunayTriangulator.java" />
		<Unit filename="src/com/ariasaproject/advancerofrpg/math/EarClippingTriangulator.java" />
		<Unit filename="src/com/ariasaproject/advancerofrpg/math/Ellipse.java" />
		<Unit filename="src/com/ariasaproject/advancerofrpg/math/Frustum.java" />
		<Unit filename="src/com/ariasaproject/advancerofrpg/math/GeometryUtils.java" />
		<Unit filename="src/com/ariasaproject/advancerofrpg/math/IntegerVector2.java" />
		<Unit filename="src/com/ariasaproject/advancerofrpg/math/IntegerVector3.java" />
		<Unit filename="src/com/ariasaproject/advancerofrpg/math/Interpolation.java" />
		<Unit filename="src/com/ariasaproject/advancerofrpg/math/Intersector.java" />
		<Unit filename="src/com/ariasaproject/advancerofrpg/math/MathUtils.java" />
		<Unit filename="src/com/ariasaproject/advancerofrpg/math/Matrix3.java" />
		<Unit filename="src/com/ariasaproject/advancerofrpg/math/Matrix4.java" />
		<Unit filename="src/com/ariasaproject/advancerofrpg/math/Path.java" />
		<Unit filename="src/com/ariasaproject/advancerofrpg/math/Plane.java" />
		<Unit filename="src/com/ariasaproject/advancerofrpg/math/Polygon.java" />
		<Unit filename="src/com/ariasaproject/advancerofrpg/math/Polyline.java" />
		<Unit filename="src/com/ariasaproject/advancerofrpg/math/Quaternion.java" />
		<Unit filename="src/com/ariasaproject/advancerofrpg/math/Rectangle.java" />
		<Unit filename="src/com/ariasaproject/advancerofrpg/math/Shape2D.java" />
		<Unit filename="src/com/ariasaproject/advancerofrpg/math/Transform.java" />
		<Unit filename="src/com/ariasaproject/advancerofrpg/math/Vector.java" />
		<Unit filename="src/com/ariasaproject/advancerofrpg/math/Vector2.java" />
		<Unit filename="src/com/ariasaproject/advancerofrpg/math/Vector3.java" />
		<Unit filename="src/com/ariasaproject/advancerofrpg/math/collision/BoundingBox.java" />
		<Unit filename="src/com/ariasaproject/advancerofrpg/math/collision/Ray.java" />
		<Unit filename="src/com/ariasaproject/advancerofrpg/math/collision/Segment.java" />
		<Unit filename="src/com/ariasaproject/advancerofrpg/math/collision/Sphere.java" />
		<Unit filename="src/com/ariasaproject/advancerofrpg/net/Net.java" />
		<Unit filename="src/com/ariasaproject/advancerofrpg/physics/box2d/Body.java" />
		<Unit filename="src/com/ariasaproject/advancerofrpg/physics/box2d/BodyDef.java" />
		<Unit filename="src/com/ariasaproject/advancerofrpg/physics/box2d/Box2DDebugRenderer.java" />
		<Unit filename="src/com/ariasaproject/advancerofrpg/physics/box2d/ChainShape.java" />
		<Unit filename="src/com/ariasaproject/advancerofrpg/physics/box2d/CircleShape.java" />
		<Unit filename="src/com/ariasaproject/advancerofrpg/physics/box2d/Contact.java" />
		<Unit filename="src/com/ariasaproject/advancerofrpg/physics/box2d/ContactFilter.java" />
		<Unit filename="src/com/ariasaproject/advancerofrpg/physics/box2d/ContactImpulse.java" />
		<Unit filename="src/com/ariasaproject/advancerofrpg/physics/box2d/ContactListener.java" />
		<Unit filename="src/com/ariasaproject/advancerofrpg/physics/box2d/DestructionListener.java" />
		<Unit filename="src/com/ariasaproject/advancerofrpg/physics/box2d/EdgeShape.java" />
		<Unit filename="src/com/ariasaproject/advancerofrpg/physics/box2d/Filter.java" />
		<Unit filename="src/com/ariasaproject/advancerofrpg/physics/box2d/Fixture.java" />
		<Unit filename="src/com/ariasaproject/advancerofrpg/physics/box2d/FixtureDef.java" />
		<Unit filename="src/com/ariasaproject/advancerofrpg/physics/box2d/Joint.java" />
		<Unit filename="src/com/ariasaproject/advancerofrpg/physics/box2d/JointDef.java" />
		<Unit filename="src/com/ariasaproject/advancerofrpg/physics/box2d/JointEdge.java" />
		<Unit filename="src/com/ariasaproject/advancerofrpg/physics/box2d/Manifold.java" />
		<Unit filename="src/com/ariasaproject/advancerofrpg/physics/box2d/MassData.java" />
		<Unit filename="src/com/ariasaproject/advancerofrpg/physics/box2d/PolygonShape.java" />
		<Unit filename="src/com/ariasaproject/advancerofrpg/physics/box2d/QueryCallback.java" />
		<Unit filename="src/com/ariasaproject/advancerofrpg/physics/box2d/RayCastCallback.java" />
		<Unit filename="src/com/ariasaproject/advancerofrpg/physics/box2d/Shape.java" />
		<Unit filename="src/com/ariasaproject/advancerofrpg/physics/box2d/Transform.java" />
		<Unit filename="src/com/ariasaproject/advancerofrpg/physics/box2d/World.java" />
		<Unit filename="src/com/ariasaproject/advancerofrpg/physics/box2d/WorldManifold.java" />
		<Unit filename="src/com/ariasaproject/advancerofrpg/physics/box2d/graphics/ParticleEmitterBox2D.java" />
		<Unit filename="src/com/ariasaproject/advancerofrpg/physics/box2d/joints/DistanceJoint.java" />
		<Unit filename="src/com/ariasaproject/advancerofrpg/physics/box2d/joints/DistanceJointDef.java" />
		<Unit filename="src/com/ariasaproject/advancerofrpg/physics/box2d/joints/FrictionJoint.java" />
		<Unit filename="src/com/ariasaproject/advancerofrpg/physics/box2d/joints/FrictionJointDef.java" />
		<Unit filename="src/com/ariasaproject/advancerofrpg/physics/box2d/joints/GearJoint.java" />
		<Unit filename="src/com/ariasaproject/advancerofrpg/physics/box2d/joints/GearJointDef.java" />
		<Unit filename="src/com/ariasaproject/advancerofrpg/physics/box2d/joints/MotorJoint.java" />
		<Unit filename="src/com/ariasaproject/advancerofrpg/physics/box2d/joints/MotorJointDef.java" />
		<Unit filename="src/com/ariasaproject/advancerofrpg/physics/box2d/joints/MouseJoint.java" />
		<Unit filename="src/com/ariasaproject/advancerofrpg/physics/box2d/joints/MouseJointDef.java" />
		<Unit filename="src/com/ariasaproject/advancerofrpg/physics/box2d/joints/PrismaticJoint.java" />
		<Unit filename="src/com/ariasaproject/advancerofrpg/physics/box2d/joints/PrismaticJointDef.java" />
		<Unit filename="src/com/ariasaproject/advancerofrpg/physics/box2d/joints/PulleyJoint.java" />
		<Unit filename="src/com/ariasaproject/advancerofrpg/physics/box2d/joints/PulleyJointDef.java" />
		<Unit filename="src/com/ariasaproject/advancerofrpg/physics/box2d/joints/RevoluteJoint.java" />
		<Unit filename="src/com/ariasaproject/advancerofrpg/physics/box2d/joints/RevoluteJointDef.java" />
		<Unit filename="src/com/ariasaproject/advancerofrpg/physics/box2d/joints/RopeJoint.java" />
		<Unit filename="src/com/ariasaproject/advancerofrpg/physics/box2d/joints/RopeJointDef.java" />
		<Unit filename="src/com/ariasaproject/advancerofrpg/physics/box2d/joints/WeldJoint.java" />
		<Unit filename="src/com/ariasaproject/advancerofrpg/physics/box2d/joints/WeldJointDef.java" />
		<Unit filename="src/com/ariasaproject/advancerofrpg/physics/box2d/joints/WheelJoint.java" />
		<Unit filename="src/com/ariasaproject/advancerofrpg/physics/box2d/joints/WheelJointDef.java" />
		<Unit filename="src/com/ariasaproject/advancerofrpg/scenes2d/Action.java" />
		<Unit filename="src/com/ariasaproject/advancerofrpg/scenes2d/Actor.java" />
		<Unit filename="src/com/ariasaproject/advancerofrpg/scenes2d/Event.java" />
		<Unit filename="src/com/ariasaproject/advancerofrpg/scenes2d/EventListener.java" />
		<Unit filename="src/com/ariasaproject/advancerofrpg/scenes2d/Group.java" />
		<Unit filename="src/com/ariasaproject/advancerofrpg/scenes2d/InputEvent.java" />
		<Unit filename="src/com/ariasaproject/advancerofrpg/scenes2d/InputListener.java" />
		<Unit filename="src/com/ariasaproject/advancerofrpg/scenes2d/Stage.java" />
		<Unit filename="src/com/ariasaproject/advancerofrpg/scenes2d/Touchable.java" />
		<Unit filename="src/com/ariasaproject/advancerofrpg/scenes2d/actions/Actions.java" />
		<Unit filename="src/com/ariasaproject/advancerofrpg/scenes2d/actions/AddAction.java" />
		<Unit filename="src/com/ariasaproject/advancerofrpg/scenes2d/actions/AddListenerAction.java" />
		<Unit filename="src/com/ariasaproject/advancerofrpg/scenes2d/actions/AfterAction.java" />
		<Unit filename="src/com/ariasaproject/advancerofrpg/scenes2d/actions/AlphaAction.java" />
		<Unit filename="src/com/ariasaproject/advancerofrpg/scenes2d/actions/ColorAction.java" />
		<Unit filename="src/com/ariasaproject/advancerofrpg/scenes2d/actions/CountdownEventAction.java" />
		<Unit filename="src/com/ariasaproject/advancerofrpg/scenes2d/actions/DelayAction.java" />
		<Unit filename="src/com/ariasaproject/advancerofrpg/scenes2d/actions/DelegateAction.java" />
		<Unit filename="src/com/ariasaproject/advancerofrpg/scenes2d/actions/EventAction.java" />
		<Unit filename="src/com/ariasaproject/advancerofrpg/scenes2d/actions/FloatAction.java" />
		<Unit filename="src/com/ariasaproject/advancerofrpg/scenes2d/actions/IntAction.java" />
		<Unit filename="src/com/ariasaproject/advancerofrpg/scenes2d/actions/LayoutAction.java" />
		<Unit filename="src/com/ariasaproject/advancerofrpg/scenes2d/actions/MoveByAction.java" />
		<Unit filename="src/com/ariasaproject/advancerofrpg/scenes2d/actions/MoveToAction.java" />
		<Unit filename="src/com/ariasaproject/advancerofrpg/scenes2d/actions/ParallelAction.java" />
		<Unit filename="src/com/ariasaproject/advancerofrpg/scenes2d/actions/RelativeTemporalAction.java" />
		<Unit filename="src/com/ariasaproject/advancerofrpg/scenes2d/actions/RemoveAction.java" />
		<Unit filename="src/com/ariasaproject/advancerofrpg/scenes2d/actions/RemoveActorAction.java" />
		<Unit filename="src/com/ariasaproject/advancerofrpg/scenes2d/actions/RemoveListenerAction.java" />
		<Unit filename="src/com/ariasaproject/advancerofrpg/scenes2d/actions/RepeatAction.java" />
		<Unit filename="src/com/ariasaproject/advancerofrpg/scenes2d/actions/RotateByAction.java" />
		<Unit filename="src/com/ariasaproject/advancerofrpg/scenes2d/actions/RotateToAction.java" />
		<Unit filename="src/com/ariasaproject/advancerofrpg/scenes2d/actions/RunnableAction.java" />
		<Unit filename="src/com/ariasaproject/advancerofrpg/scenes2d/actions/ScaleByAction.java" />
		<Unit filename="src/com/ariasaproject/advancerofrpg/scenes2d/actions/ScaleToAction.java" />
		<Unit filename="src/com/ariasaproject/advancerofrpg/scenes2d/actions/SequenceAction.java" />
		<Unit filename="src/com/ariasaproject/advancerofrpg/scenes2d/actions/SizeByAction.java" />
		<Unit filename="src/com/ariasaproject/advancerofrpg/scenes2d/actions/SizeToAction.java" />
		<Unit filename="src/com/ariasaproject/advancerofrpg/scenes2d/actions/TemporalAction.java" />
		<Unit filename="src/com/ariasaproject/advancerofrpg/scenes2d/actions/TimeScaleAction.java" />
		<Unit filename="src/com/ariasaproject/advancerofrpg/scenes2d/actions/TouchableAction.java" />
		<Unit filename="src/com/ariasaproject/advancerofrpg/scenes2d/actions/VisibleAction.java" />
		<Unit filename="src/com/ariasaproject/advancerofrpg/scenes2d/ui/Button.java" />
		<Unit filename="src/com/ariasaproject/advancerofrpg/scenes2d/ui/ButtonGroup.java" />
		<Unit filename="src/com/ariasaproject/advancerofrpg/scenes2d/ui/Cell.java" />
		<Unit filename="src/com/ariasaproject/advancerofrpg/scenes2d/ui/CheckBox.java" />
		<Unit filename="src/com/ariasaproject/advancerofrpg/scenes2d/ui/Dialog.java" />
		<Unit filename="src/com/ariasaproject/advancerofrpg/scenes2d/ui/HorizontalGroup.java" />
		<Unit filename="src/com/ariasaproject/advancerofrpg/scenes2d/ui/Image.java" />
		<Unit filename="src/com/ariasaproject/advancerofrpg/scenes2d/ui/ImageButton.java" />
		<Unit filename="src/com/ariasaproject/advancerofrpg/scenes2d/ui/ImageTextButton.java" />
		<Unit filename="src/com/ariasaproject/advancerofrpg/scenes2d/ui/Label.java" />
		<Unit filename="src/com/ariasaproject/advancerofrpg/scenes2d/ui/List.java" />
		<Unit filename="src/com/ariasaproject/advancerofrpg/scenes2d/ui/ProgressBar.java" />
		<Unit filename="src/com/ariasaproject/advancerofrpg/scenes2d/ui/ScrollPane.java" />
		<Unit filename="src/com/ariasaproject/advancerofrpg/scenes2d/ui/SelectBox.java" />
		<Unit filename="src/com/ariasaproject/advancerofrpg/scenes2d/ui/Skin.java" />
		<Unit filename="src/com/ariasaproject/advancerofrpg/scenes2d/ui/Slider.java" />
		<Unit filename="src/com/ariasaproject/advancerofrpg/scenes2d/ui/SplitPane.java" />
		<Unit filename="src/com/ariasaproject/advancerofrpg/scenes2d/ui/Stack.java" />
		<Unit filename="src/com/ariasaproject/advancerofrpg/scenes2d/ui/TabbedPanel.java" />
		<Unit filename="src/com/ariasaproject/advancerofrpg/scenes2d/ui/Table.java" />
		<Unit filename="src/com/ariasaproject/advancerofrpg/scenes2d/ui/TextArea.java" />
		<Unit filename="src/com/ariasaproject/advancerofrpg/scenes2d/ui/TextButton.java" />
		<Unit filename="src/com/ariasaproject/advancerofrpg/scenes2d/ui/TextField.java" />
		<Unit filename="src/com/ariasaproject/advancerofrpg/scenes2d/ui/Touchpad.java" />
		<Unit filename="src/com/ariasaproject/advancerofrpg/scenes2d/ui/Tree.java" />
		<Unit filename="src/com/ariasaproject/advancerofrpg/scenes2d/ui/Value.java" />
		<Unit filename="src/com/ariasaproject/advancerofrpg/scenes2d/ui/VerticalGroup.java" />
		<Unit filename="src/com/ariasaproject/advancerofrpg/scenes2d/ui/Widget.java" />
		<Unit filename="src/com/ariasaproject/advancerofrpg/scenes2d/ui/WidgetGroup.java" />
		<Unit filename="src/com/ariasaproject/advancerofrpg/scenes2d/ui/Window.java" />
		<Unit filename="src/com/ariasaproject/advancerofrpg/scenes2d/utils/ActorGestureListener.java" />
		<Unit filename="src/com/ariasaproject/advancerofrpg/scenes2d/utils/ArraySelection.java" />
		<Unit filename="src/com/ariasaproject/advancerofrpg/scenes2d/utils/BaseDrawable.java" />
		<Unit filename="src/com/ariasaproject/advancerofrpg/scenes2d/utils/ChangeListener.java" />
		<Unit filename="src/com/ariasaproject/advancerofrpg/scenes2d/utils/ClickListener.java" />
		<Unit filename="src/com/ariasaproject/advancerofrpg/scenes2d/utils/Cullable.java" />
		<Unit filename="src/com/ariasaproject/advancerofrpg/scenes2d/utils/Disableable.java" />
		<Unit filename="src/com/ariasaproject/advancerofrpg/scenes2d/utils/DragAndDrop.java" />
		<Unit filename="src/com/ariasaproject/advancerofrpg/scenes2d/utils/DragListener.java" />
		<Unit filename="src/com/ariasaproject/advancerofrpg/scenes2d/utils/DragScrollListener.java" />
		<Unit filename="src/com/ariasaproject/advancerofrpg/scenes2d/utils/Drawable.java" />
		<Unit filename="src/com/ariasaproject/advancerofrpg/scenes2d/utils/FocusListener.java" />
		<Unit filename="src/com/ariasaproject/advancerofrpg/scenes2d/utils/Layout.java" />
		<Unit filename="src/com/ariasaproject/advancerofrpg/scenes2d/utils/NinePatchDrawable.java" />
		<Unit filename="src/com/ariasaproject/advancerofrpg/scenes2d/utils/ScissorStack.java" />
		<Unit filename="src/com/ariasaproject/advancerofrpg/scenes2d/utils/Selection.java" />
		<Unit filename="src/com/ariasaproject/advancerofrpg/scenes2d/utils/SpriteDrawable.java" />
		<Unit filename="src/com/ariasaproject/advancerofrpg/scenes2d/utils/TextureRegionDrawable.java" />
		<Unit filename="src/com/ariasaproject/advancerofrpg/scenes2d/utils/TiledDrawable.java" />
		<Unit filename="src/com/ariasaproject/advancerofrpg/scenes2d/utils/TransformDrawable.java" />
		<Unit filename="src/com/ariasaproject/advancerofrpg/screen/Dashboard.java" />
		<Unit filename="src/com/ariasaproject/advancerofrpg/screen/GameView.java" />
		<Unit filename="src/com/ariasaproject/advancerofrpg/screen/Scene.java" />
		<Unit filename="src/com/ariasaproject/advancerofrpg/screen/SplashScreen.java" />
		<Unit filename="src/com/ariasaproject/advancerofrpg/screen/WorldView.java" />
		<Unit filename="src/com/ariasaproject/advancerofrpg/utils/Align.java" />
		<Unit filename="src/com/ariasaproject/advancerofrpg/utils/Array.java" />
		<Unit filename="src/com/ariasaproject/advancerofrpg/utils/ArrayMap.java" />
		<Unit filename="src/com/ariasaproject/advancerofrpg/utils/AtomicQueue.java" />
		<Unit filename="src/com/ariasaproject/advancerofrpg/utils/BaseJsonReader.java" />
		<Unit filename="src/com/ariasaproject/advancerofrpg/utils/BinaryHeap.java" />
		<Unit filename="src/com/ariasaproject/advancerofrpg/utils/Bits.java" />
		<Unit filename="src/com/ariasaproject/advancerofrpg/utils/BooleanArray.java" />
		<Unit filename="src/com/ariasaproject/advancerofrpg/utils/BufferUtils.java" />
		<Unit filename="src/com/ariasaproject/advancerofrpg/utils/ByteArray.java" />
		<Unit filename="src/com/ariasaproject/advancerofrpg/utils/CharArray.java" />
		<Unit filename="src/com/ariasaproject/advancerofrpg/utils/Clipboard.java" />
		<Unit filename="src/com/ariasaproject/advancerofrpg/utils/ComparableTimSort.java" />
		<Unit filename="src/com/ariasaproject/advancerofrpg/utils/DataBuffer.java" />
		<Unit filename="src/com/ariasaproject/advancerofrpg/utils/DataInput.java" />
		<Unit filename="src/com/ariasaproject/advancerofrpg/utils/DataOutput.java" />
		<Unit filename="src/com/ariasaproject/advancerofrpg/utils/DelayedRemovalArray.java" />
		<Unit filename="src/com/ariasaproject/advancerofrpg/utils/Disposable.java" />
		<Unit filename="src/com/ariasaproject/advancerofrpg/utils/FloatArray.java" />
		<Unit filename="src/com/ariasaproject/advancerofrpg/utils/FlushablePool.java" />
		<Unit filename="src/com/ariasaproject/advancerofrpg/utils/I18NBundle.java" />
		<Unit filename="src/com/ariasaproject/advancerofrpg/utils/IdentityMap.java" />
		<Unit filename="src/com/ariasaproject/advancerofrpg/utils/IntArray.java" />
		<Unit filename="src/com/ariasaproject/advancerofrpg/utils/IntFloatMap.java" />
		<Unit filename="src/com/ariasaproject/advancerofrpg/utils/IntIntMap.java" />
		<Unit filename="src/com/ariasaproject/advancerofrpg/utils/IntMap.java" />
		<Unit filename="src/com/ariasaproject/advancerofrpg/utils/IntSet.java" />
		<Unit filename="src/com/ariasaproject/advancerofrpg/utils/Json.java" />
		<Unit filename="src/com/ariasaproject/advancerofrpg/utils/JsonReader.java" />
		<Unit filename="src/com/ariasaproject/advancerofrpg/utils/JsonValue.java" />
		<Unit filename="src/com/ariasaproject/advancerofrpg/utils/JsonWriter.java" />
		<Unit filename="src/com/ariasaproject/advancerofrpg/utils/LittleEndianInputStream.java" />
		<Unit filename="src/com/ariasaproject/advancerofrpg/utils/Logger.java" />
		<Unit filename="src/com/ariasaproject/advancerofrpg/utils/LongArray.java" />
		<Unit filename="src/com/ariasaproject/advancerofrpg/utils/LongMap.java" />
		<Unit filename="src/com/ariasaproject/advancerofrpg/utils/LongQueue.java" />
		<Unit filename="src/com/ariasaproject/advancerofrpg/utils/Null.java" />
		<Unit filename="src/com/ariasaproject/advancerofrpg/utils/NumberUtils.java" />
		<Unit filename="src/com/ariasaproject/advancerofrpg/utils/ObjectFloatMap.java" />
		<Unit filename="src/com/ariasaproject/advancerofrpg/utils/ObjectIntMap.java" />
		<Unit filename="src/com/ariasaproject/advancerofrpg/utils/ObjectMap.java" />
		<Unit filename="src/com/ariasaproject/advancerofrpg/utils/ObjectSet.java" />
		<Unit filename="src/com/ariasaproject/advancerofrpg/utils/OrderedMap.java" />
		<Unit filename="src/com/ariasaproject/advancerofrpg/utils/OrderedSet.java" />
		<Unit filename="src/com/ariasaproject/advancerofrpg/utils/PauseableThread.java" />
		<Unit filename="src/com/ariasaproject/advancerofrpg/utils/Pool.java" />
		<Unit filename="src/com/ariasaproject/advancerofrpg/utils/PooledLinkedList.java" />
		<Unit filename="src/com/ariasaproject/advancerofrpg/utils/Pools.java" />
		<Unit filename="src/com/ariasaproject/advancerofrpg/utils/Predicate.java" />
		<Unit filename="src/com/ariasaproject/advancerofrpg/utils/PropertiesUtils.java" />
		<Unit filename="src/com/ariasaproject/advancerofrpg/utils/Queue.java" />
		<Unit filename="src/com/ariasaproject/advancerofrpg/utils/QuickSelect.java" />
		<Unit filename="src/com/ariasaproject/advancerofrpg/utils/ReflectionPool.java" />
		<Unit filename="src/com/ariasaproject/advancerofrpg/utils/Scaling.java" />
		<Unit filename="src/com/ariasaproject/advancerofrpg/utils/Select.java" />
		<Unit filename="src/com/ariasaproject/advancerofrpg/utils/SerializationException.java" />
		<Unit filename="src/com/ariasaproject/advancerofrpg/utils/ShortArray.java" />
		<Unit filename="src/com/ariasaproject/advancerofrpg/utils/SnapshotArray.java" />
		<Unit filename="src/com/ariasaproject/advancerofrpg/utils/Sort.java" />
		<Unit filename="src/com/ariasaproject/advancerofrpg/utils/SortedIntList.java" />
		<Unit filename="src/com/ariasaproject/advancerofrpg/utils/StrBuilder.java" />
		<Unit filename="src/com/ariasaproject/advancerofrpg/utils/TextFormatter.java" />
		<Unit filename="src/com/ariasaproject/advancerofrpg/utils/TimSort.java" />
		<Unit filename="src/com/ariasaproject/advancerofrpg/utils/Timer.java" />
		<Unit filename="src/com/ariasaproject/advancerofrpg/utils/UBJsonReader.java" />
		<Unit filename="src/com/ariasaproject/advancerofrpg/utils/UBJsonWriter.java" />
		<Unit filename="src/com/ariasaproject/advancerofrpg/utils/Viewport.java" />
		<Unit filename="src/com/ariasaproject/advancerofrpg/utils/XmlReader.java" />
		<Unit filename="src/com/ariasaproject/advancerofrpg/utils/XmlWriter.java" />
		<Unit filename="src/com/ariasaproject/advancerofrpg/utils/compression/CRC.java" />
		<Unit filename="src/com/ariasaproject/advancerofrpg/utils/compression/ICodeProgress.java" />
		<Unit filename="src/com/ariasaproject/advancerofrpg/utils/compression/Lzma.java" />
		<Unit filename="src/com/ariasaproject/advancerofrpg/utils/compression/lz/BinTree.java" />
		<Unit filename="src/com/ariasaproject/advancerofrpg/utils/compression/lz/InWindow.java" />
		<Unit filename="src/com/ariasaproject/advancerofrpg/utils/compression/lz/OutWindow.java" />
		<Unit filename="src/com/ariasaproject/advancerofrpg/utils/compression/lzma/Base.java" />
		<Unit filename="src/com/ariasaproject/advancerofrpg/utils/compression/lzma/Decoder.java" />
		<Unit filename="src/com/ariasaproject/advancerofrpg/utils/compression/lzma/Encoder.java" />
		<Unit filename="src/com/ariasaproject/advancerofrpg/utils/compression/rangecoder/BitTreeDecoder.java" />
		<Unit filename="src/com/ariasaproject/advancerofrpg/utils/compression/rangecoder/BitTreeEncoder.java" />
		<Unit filename="src/com/ariasaproject/advancerofrpg/utils/compression/rangecoder/Decoder.java" />
		<Unit filename="src/com/ariasaproject/advancerofrpg/utils/compression/rangecoder/Encoder.java" />
		<Unit filename="src/com/ariasaproject/advancerofrpg/utils/reflect/Annotation.java" />
		<Unit filename="src/com/ariasaproject/advancerofrpg/utils/reflect/ArrayReflection.java" />
		<Unit filename="src/com/ariasaproject/advancerofrpg/utils/reflect/ClassReflection.java" />
		<Unit filename="src/com/ariasaproject/advancerofrpg/utils/reflect/Constructor.java" />
		<Unit filename="src/com/ariasaproject/advancerofrpg/utils/reflect/Field.java" />
		<Unit filename="src/com/ariasaproject/advancerofrpg/utils/reflect/Method.java" />
		<Unit filename="src/com/ariasaproject/advancerofrpg/utils/reflect/ReflectionException.java" />
		<Extensions>
			<lib_finder disable_auto="1" />
		</Extensions>
	</Project>
</CodeBlocks_project_file>
